
Microsoft Visual Studio Solution File, Format Version 12.00
# Visual Studio Version 16
VisualStudioVersion = 16.0.30413.136
MinimumVisualStudioVersion = 10.0.40219.1
Project("{9A19103F-16F7-4668-BE54-9A1E7A4F7556}") = "Football.API", "Football.API\Football.API.csproj", "{F021DF89-DCD3-4682-9D3C-BEDB9ADC53E8}"
EndProject
Project("{9A19103F-16F7-4668-BE54-9A1E7A4F7556}") = "Football.DAL", "Football.DAL\Football.DAL.csproj", "{BCFA3C3F-A235-46F4-85C8-192FAAE74BBB}"
EndProject
Global
	GlobalSection(SolutionConfigurationPlatforms) = preSolution
		Debug|Any CPU = Debug|Any CPU
		Release|Any CPU = Release|Any CPU
	EndGlobalSection
	GlobalSection(ProjectConfigurationPlatforms) = postSolution
		{F021DF89-DCD3-4682-9D3C-BEDB9ADC53E8}.Debug|Any CPU.ActiveCfg = Debug|Any CPU
		{F021DF89-DCD3-4682-9D3C-BEDB9ADC53E8}.Debug|Any CPU.Build.0 = Debug|Any CPU
		{F021DF89-DCD3-4682-9D3C-BEDB9ADC53E8}.Release|Any CPU.ActiveCfg = Release|Any CPU
		{F021DF89-DCD3-4682-9D3C-BEDB9ADC53E8}.Release|Any CPU.Build.0 = Release|Any CPU
		{BCFA3C3F-A235-46F4-85C8-192FAAE74BBB}.Debug|Any CPU.ActiveCfg = Debug|Any CPU
		{BCFA3C3F-A235-46F4-85C8-192FAAE74BBB}.Debug|Any CPU.Build.0 = Debug|Any CPU
		{BCFA3C3F-A235-46F4-85C8-192FAAE74BBB}.Release|Any CPU.ActiveCfg = Release|Any CPU
		{BCFA3C3F-A235-46F4-85C8-192FAAE74BBB}.Release|Any CPU.Build.0 = Release|Any CPU
	EndGlobalSection
	GlobalSection(SolutionProperties) = preSolution
		HideSolutionNode = FALSE
	EndGlobalSection
	GlobalSection(ExtensibilityGlobals) = postSolution
		SolutionGuid = {3001D789-B87E-4996-9FAB-A0EF5CA7182D}
	EndGlobalSection
EndGlobal
